
Microsoft Visual Studio Solution File, Format Version 12.00
# Visual Studio Version 17
VisualStudioVersion = 17.3.32929.385
MinimumVisualStudioVersion = 10.0.40219.1
Project("{FAE04EC0-301F-11D3-BF4B-00C04F79EFBC}") = "TicTacToe", "TicTacToe\TicTacToe.csproj", "{5D990085-D849-458A-8C96-5E95B087D22C}"
EndProject
Global
	GlobalSection(SolutionConfigurationPlatforms) = preSolution
		Debug|Any CPU = Debug|Any CPU
		Release|Any CPU = Release|Any CPU
	EndGlobalSection
	GlobalSection(ProjectConfigurationPlatforms) = postSolution
		{5D990085-D849-458A-8C96-5E95B087D22C}.Debug|Any CPU.ActiveCfg = Debug|Any CPU
		{5D990085-D849-458A-8C96-5E95B087D22C}.Debug|Any CPU.Build.0 = Debug|Any CPU
		{5D990085-D849-458A-8C96-5E95B087D22C}.Release|Any CPU.ActiveCfg = Release|Any CPU
		{5D990085-D849-458A-8C96-5E95B087D22C}.Release|Any CPU.Build.0 = Release|Any CPU
	EndGlobalSection
	GlobalSection(SolutionProperties) = preSolution
		HideSolutionNode = FALSE
	EndGlobalSection
	GlobalSection(ExtensibilityGlobals) = postSolution
		SolutionGuid = {2311B124-1790-4FD2-B80A-69712814297A}
	EndGlobalSection
EndGlobal
